
Microsoft Visual Studio Solution File, Format Version 12.00
# Visual Studio Version 17
VisualStudioVersion = 17.3.32929.385
MinimumVisualStudioVersion = 10.0.40219.1
Project("{FAE04EC0-301F-11D3-BF4B-00C04F79EFBC}") = "Coffee Project", "Coffee Project.csproj", "{D9C4DA9D-F807-41F1-B17E-B3AAC0435B55}"
EndProject
Global
	GlobalSection(SolutionConfigurationPlatforms) = preSolution
		Debug|Any CPU = Debug|Any CPU
		Release|Any CPU = Release|Any CPU
	EndGlobalSection
	GlobalSection(ProjectConfigurationPlatforms) = postSolution
		{D9C4DA9D-F807-41F1-B17E-B3AAC0435B55}.Debug|Any CPU.ActiveCfg = Debug|Any CPU
		{D9C4DA9D-F807-41F1-B17E-B3AAC0435B55}.Debug|Any CPU.Build.0 = Debug|Any CPU
		{D9C4DA9D-F807-41F1-B17E-B3AAC0435B55}.Release|Any CPU.ActiveCfg = Release|Any CPU
		{D9C4DA9D-F807-41F1-B17E-B3AAC0435B55}.Release|Any CPU.Build.0 = Release|Any CPU
	EndGlobalSection
	GlobalSection(SolutionProperties) = preSolution
		HideSolutionNode = FALSE
	EndGlobalSection
	GlobalSection(ExtensibilityGlobals) = postSolution
		SolutionGuid = {A745454C-821A-4580-AFDE-28E17A471D1B}
	EndGlobalSection
EndGlobal
